{
  "name": "my-exomy_control-app",
  "version": "0.0.0",
  "lockfileVersion": 1,
  "requires": true,
  "dependencies": {
    "nipplejs": {
      "version": "0.8.7",
      "resolved": "https://registry.npmjs.org/nipplejs/-/nipplejs-0.8.7.tgz",
      "integrity": "sha512-B3uSKnWIGWHfrd6oDpLW1xiYleY8+ACVIlLNZeVChBBGDeDiKm4YjetVxlP3O2FvS3Fqf24E/9FrjM3Thc6WDg=="
    }
  }
}
